// !$*UTF8*$!
{
	archiveVersion = 1;
	classes = {
	};
	objectVersion = 46;
	objects = {

/* Begin PBXBuildFile section */
		705CF97117DD53C200661C9D /* PListTest.m in Sources */ = {isa = PBXBuildFile; fileRef = 705CF97017DD53C200661C9D /* PListTest.m */; };
		705CF97417DD541D00661C9D /* SampleObject.m in Sources */ = {isa = PBXBuildFile; fileRef = 705CF97317DD541D00661C9D /* SampleObject.m */; };
		705CF97817DD5AF600661C9D /* data.plist in Resources */ = {isa = PBXBuildFile; fileRef = 705CF97717DD5AF600661C9D /* data.plist */; };
		708791B017DA62A300A10A8A /* LocationViewController.m in Sources */ = {isa = PBXBuildFile; fileRef = 708791AF17DA62A300A10A8A /* LocationViewController.m */; };
		708791B217DA630C00A10A8A /* MapKit.framework in Frameworks */ = {isa = PBXBuildFile; fileRef = 708791B117DA630C00A10A8A /* MapKit.framework */; };
		708791B417DA663900A10A8A /* CoreLocation.framework in Frameworks */ = {isa = PBXBuildFile; fileRef = 708791B317DA663900A10A8A /* CoreLocation.framework */; };
		709DAA5E17D1540E00E15B2B /* UIKit.framework in Frameworks */ = {isa = PBXBuildFile; fileRef = 709DAA5D17D1540E00E15B2B /* UIKit.framework */; };
		709DAA6017D1540E00E15B2B /* Foundation.framework in Frameworks */ = {isa = PBXBuildFile; fileRef = 709DAA5F17D1540E00E15B2B /* Foundation.framework */; };
		709DAA6217D1540E00E15B2B /* CoreGraphics.framework in Frameworks */ = {isa = PBXBuildFile; fileRef = 709DAA6117D1540E00E15B2B /* CoreGraphics.framework */; };
		709DAA6817D1540E00E15B2B /* InfoPlist.strings in Resources */ = {isa = PBXBuildFile; fileRef = 709DAA6617D1540E00E15B2B /* InfoPlist.strings */; };
		709DAA6A17D1540E00E15B2B /* main.m in Sources */ = {isa = PBXBuildFile; fileRef = 709DAA6917D1540E00E15B2B /* main.m */; };
		709DAA6E17D1540E00E15B2B /* AppDelegate.m in Sources */ = {isa = PBXBuildFile; fileRef = 709DAA6D17D1540E00E15B2B /* AppDelegate.m */; };
		709DAA7017D1540E00E15B2B /* Default.png in Resources */ = {isa = PBXBuildFile; fileRef = 709DAA6F17D1540E00E15B2B /* Default.png */; };
		709DAA7217D1540F00E15B2B /* Default@2x.png in Resources */ = {isa = PBXBuildFile; fileRef = 709DAA7117D1540E00E15B2B /* Default@2x.png */; };
		709DAA7417D1540F00E15B2B /* Default-568h@2x.png in Resources */ = {isa = PBXBuildFile; fileRef = 709DAA7317D1540F00E15B2B /* Default-568h@2x.png */; };
		709DAA7717D1540F00E15B2B /* MainStoryboard.storyboard in Resources */ = {isa = PBXBuildFile; fileRef = 709DAA7517D1540F00E15B2B /* MainStoryboard.storyboard */; };
		709DAA8517D1540F00E15B2B /* SenTestingKit.framework in Frameworks */ = {isa = PBXBuildFile; fileRef = 709DAA8417D1540F00E15B2B /* SenTestingKit.framework */; };
		709DAA8617D1540F00E15B2B /* UIKit.framework in Frameworks */ = {isa = PBXBuildFile; fileRef = 709DAA5D17D1540E00E15B2B /* UIKit.framework */; };
		709DAA8717D1540F00E15B2B /* Foundation.framework in Frameworks */ = {isa = PBXBuildFile; fileRef = 709DAA5F17D1540E00E15B2B /* Foundation.framework */; };
		709DAA8F17D1540F00E15B2B /* InfoPlist.strings in Resources */ = {isa = PBXBuildFile; fileRef = 709DAA8D17D1540F00E15B2B /* InfoPlist.strings */; };
		709DAA9217D1540F00E15B2B /* testTests.m in Sources */ = {isa = PBXBuildFile; fileRef = 709DAA9117D1540F00E15B2B /* testTests.m */; };
		709DAAB317D1640E00E15B2B /* TestingRootViewController.m in Sources */ = {isa = PBXBuildFile; fileRef = 709DAAB217D1640E00E15B2B /* TestingRootViewController.m */; };
/* End PBXBuildFile section */

/* Begin PBXContainerItemProxy section */
		709DAA8817D1540F00E15B2B /* PBXContainerItemProxy */ = {
			isa = PBXContainerItemProxy;
			containerPortal = 709DAA5217D1540E00E15B2B /* Project object */;
			proxyType = 1;
			remoteGlobalIDString = 709DAA5917D1540E00E15B2B;
			remoteInfo = test;
		};
/* End PBXContainerItemProxy section */

/* Begin PBXFileReference section */
		705CF96F17DD53C200661C9D /* PListTest.h */ = {isa = PBXFileReference; fileEncoding = 4; lastKnownFileType = sourcecode.c.h; path = PListTest.h; sourceTree = "<group>"; };
		705CF97017DD53C200661C9D /* PListTest.m */ = {isa = PBXFileReference; fileEncoding = 4; lastKnownFileType = sourcecode.c.objc; path = PListTest.m; sourceTree = "<group>"; };
		705CF97217DD541D00661C9D /* SampleObject.h */ = {isa = PBXFileReference; fileEncoding = 4; lastKnownFileType = sourcecode.c.h; path = SampleObject.h; sourceTree = "<group>"; };
		705CF97317DD541D00661C9D /* SampleObject.m */ = {isa = PBXFileReference; fileEncoding = 4; lastKnownFileType = sourcecode.c.objc; path = SampleObject.m; sourceTree = "<group>"; };
		705CF97717DD5AF600661C9D /* data.plist */ = {isa = PBXFileReference; lastKnownFileType = file.bplist; path = data.plist; sourceTree = "<group>"; };
		708791AE17DA62A300A10A8A /* LocationViewController.h */ = {isa = PBXFileReference; fileEncoding = 4; lastKnownFileType = sourcecode.c.h; path = LocationViewController.h; sourceTree = "<group>"; };
		708791AF17DA62A300A10A8A /* LocationViewController.m */ = {isa = PBXFileReference; fileEncoding = 4; lastKnownFileType = sourcecode.c.objc; path = LocationViewController.m; sourceTree = "<group>"; };
		708791B117DA630C00A10A8A /* MapKit.framework */ = {isa = PBXFileReference; lastKnownFileType = wrapper.framework; name = MapKit.framework; path = System/Library/Frameworks/MapKit.framework; sourceTree = SDKROOT; };
		708791B317DA663900A10A8A /* CoreLocation.framework */ = {isa = PBXFileReference; lastKnownFileType = wrapper.framework; name = CoreLocation.framework; path = System/Library/Frameworks/CoreLocation.framework; sourceTree = SDKROOT; };
		709DAA5A17D1540E00E15B2B /* test.app */ = {isa = PBXFileReference; explicitFileType = wrapper.application; includeInIndex = 0; path = test.app; sourceTree = BUILT_PRODUCTS_DIR; };
		709DAA5D17D1540E00E15B2B /* UIKit.framework */ = {isa = PBXFileReference; lastKnownFileType = wrapper.framework; name = UIKit.framework; path = System/Library/Frameworks/UIKit.framework; sourceTree = SDKROOT; };
		709DAA5F17D1540E00E15B2B /* Foundation.framework */ = {isa = PBXFileReference; lastKnownFileType = wrapper.framework; name = Foundation.framework; path = System/Library/Frameworks/Foundation.framework; sourceTree = SDKROOT; };
		709DAA6117D1540E00E15B2B /* CoreGraphics.framework */ = {isa = PBXFileReference; lastKnownFileType = wrapper.framework; name = CoreGraphics.framework; path = System/Library/Frameworks/CoreGraphics.framework; sourceTree = SDKROOT; };
		709DAA6517D1540E00E15B2B /* test-Info.plist */ = {isa = PBXFileReference; lastKnownFileType = text.plist.xml; path = "test-Info.plist"; sourceTree = "<group>"; };
		709DAA6717D1540E00E15B2B /* en */ = {isa = PBXFileReference; lastKnownFileType = text.plist.strings; name = en; path = en.lproj/InfoPlist.strings; sourceTree = "<group>"; };
		709DAA6917D1540E00E15B2B /* main.m */ = {isa = PBXFileReference; lastKnownFileType = sourcecode.c.objc; path = main.m; sourceTree = "<group>"; };
		709DAA6B17D1540E00E15B2B /* test-Prefix.pch */ = {isa = PBXFileReference; lastKnownFileType = sourcecode.c.h; path = "test-Prefix.pch"; sourceTree = "<group>"; };
		709DAA6C17D1540E00E15B2B /* AppDelegate.h */ = {isa = PBXFileReference; lastKnownFileType = sourcecode.c.h; path = AppDelegate.h; sourceTree = "<group>"; };
		709DAA6D17D1540E00E15B2B /* AppDelegate.m */ = {isa = PBXFileReference; lastKnownFileType = sourcecode.c.objc; path = AppDelegate.m; sourceTree = "<group>"; };
		709DAA6F17D1540E00E15B2B /* Default.png */ = {isa = PBXFileReference; lastKnownFileType = image.png; path = Default.png; sourceTree = "<group>"; };
		709DAA7117D1540E00E15B2B /* Default@2x.png */ = {isa = PBXFileReference; lastKnownFileType = image.png; path = "Default@2x.png"; sourceTree = "<group>"; };
		709DAA7317D1540F00E15B2B /* Default-568h@2x.png */ = {isa = PBXFileReference; lastKnownFileType = image.png; path = "Default-568h@2x.png"; sourceTree = "<group>"; };
		709DAA7617D1540F00E15B2B /* en */ = {isa = PBXFileReference; lastKnownFileType = file.storyboard; name = en; path = en.lproj/MainStoryboard.storyboard; sourceTree = "<group>"; };
		709DAA8317D1540F00E15B2B /* testTests.octest */ = {isa = PBXFileReference; explicitFileType = wrapper.cfbundle; includeInIndex = 0; path = testTests.octest; sourceTree = BUILT_PRODUCTS_DIR; };
		709DAA8417D1540F00E15B2B /* SenTestingKit.framework */ = {isa = PBXFileReference; lastKnownFileType = wrapper.framework; name = SenTestingKit.framework; path = Library/Frameworks/SenTestingKit.framework; sourceTree = DEVELOPER_DIR; };
		709DAA8C17D1540F00E15B2B /* testTests-Info.plist */ = {isa = PBXFileReference; lastKnownFileType = text.plist.xml; path = "testTests-Info.plist"; sourceTree = "<group>"; };
		709DAA8E17D1540F00E15B2B /* en */ = {isa = PBXFileReference; lastKnownFileType = text.plist.strings; name = en; path = en.lproj/InfoPlist.strings; sourceTree = "<group>"; };
		709DAA9017D1540F00E15B2B /* testTests.h */ = {isa = PBXFileReference; lastKnownFileType = sourcecode.c.h; path = testTests.h; sourceTree = "<group>"; };
		709DAA9117D1540F00E15B2B /* testTests.m */ = {isa = PBXFileReference; lastKnownFileType = sourcecode.c.objc; path = testTests.m; sourceTree = "<group>"; };
		709DAAB117D1640D00E15B2B /* TestingRootViewController.h */ = {isa = PBXFileReference; fileEncoding = 4; lastKnownFileType = sourcecode.c.h; path = TestingRootViewController.h; sourceTree = "<group>"; };
		709DAAB217D1640E00E15B2B /* TestingRootViewController.m */ = {isa = PBXFileReference; fileEncoding = 4; lastKnownFileType = sourcecode.c.objc; path = TestingRootViewController.m; sourceTree = "<group>"; };
/* End PBXFileReference section */

/* Begin PBXFrameworksBuildPhase section */
		709DAA5717D1540E00E15B2B /* Frameworks */ = {
			isa = PBXFrameworksBuildPhase;
			buildActionMask = 2147483647;
			files = (
				708791B417DA663900A10A8A /* CoreLocation.framework in Frameworks */,
				708791B217DA630C00A10A8A /* MapKit.framework in Frameworks */,
				709DAA5E17D1540E00E15B2B /* UIKit.framework in Frameworks */,
				709DAA6017D1540E00E15B2B /* Foundation.framework in Frameworks */,
				709DAA6217D1540E00E15B2B /* CoreGraphics.framework in Frameworks */,
			);
			runOnlyForDeploymentPostprocessing = 0;
		};
		709DAA7F17D1540F00E15B2B /* Frameworks */ = {
			isa = PBXFrameworksBuildPhase;
			buildActionMask = 2147483647;
			files = (
				709DAA8517D1540F00E15B2B /* SenTestingKit.framework in Frameworks */,
				709DAA8617D1540F00E15B2B /* UIKit.framework in Frameworks */,
				709DAA8717D1540F00E15B2B /* Foundation.framework in Frameworks */,
			);
			runOnlyForDeploymentPostprocessing = 0;
		};
/* End PBXFrameworksBuildPhase section */

/* Begin PBXGroup section */
		705CF96E17DD539C00661C9D /* PList */ = {
			isa = PBXGroup;
			children = (
				705CF96F17DD53C200661C9D /* PListTest.h */,
				705CF97017DD53C200661C9D /* PListTest.m */,
				705CF97217DD541D00661C9D /* SampleObject.h */,
				705CF97317DD541D00661C9D /* SampleObject.m */,
				705CF97717DD5AF600661C9D /* data.plist */,
			);
			name = PList;
			sourceTree = "<group>";
		};
		708FAD0917D8E7A300E58B4F /* Location */ = {
			isa = PBXGroup;
			children = (
				708791AE17DA62A300A10A8A /* LocationViewController.h */,
				708791AF17DA62A300A10A8A /* LocationViewController.m */,
			);
			name = Location;
			sourceTree = "<group>";
		};
		709DAA5117D1540E00E15B2B = {
			isa = PBXGroup;
			children = (
				708791B317DA663900A10A8A /* CoreLocation.framework */,
				709DAA6317D1540E00E15B2B /* test */,
				709DAA8A17D1540F00E15B2B /* testTests */,
				709DAA5C17D1540E00E15B2B /* Frameworks */,
				709DAA5B17D1540E00E15B2B /* Products */,
			);
			sourceTree = "<group>";
		};
		709DAA5B17D1540E00E15B2B /* Products */ = {
			isa = PBXGroup;
			children = (
				709DAA5A17D1540E00E15B2B /* test.app */,
				709DAA8317D1540F00E15B2B /* testTests.octest */,
			);
			name = Products;
			sourceTree = "<group>";
		};
		709DAA5C17D1540E00E15B2B /* Frameworks */ = {
			isa = PBXGroup;
			children = (
				708791B117DA630C00A10A8A /* MapKit.framework */,
				709DAA5D17D1540E00E15B2B /* UIKit.framework */,
				709DAA5F17D1540E00E15B2B /* Foundation.framework */,
				709DAA6117D1540E00E15B2B /* CoreGraphics.framework */,
				709DAA8417D1540F00E15B2B /* SenTestingKit.framework */,
			);
			name = Frameworks;
			sourceTree = "<group>";
		};
		709DAA6317D1540E00E15B2B /* test */ = {
			isa = PBXGroup;
			children = (
				709DAA6C17D1540E00E15B2B /* AppDelegate.h */,
				709DAA6D17D1540E00E15B2B /* AppDelegate.m */,
				709DAA7517D1540F00E15B2B /* MainStoryboard.storyboard */,
				709DAAB117D1640D00E15B2B /* TestingRootViewController.h */,
				709DAAB217D1640E00E15B2B /* TestingRootViewController.m */,
				705CF96E17DD539C00661C9D /* PList */,
				708FAD0917D8E7A300E58B4F /* Location */,
				709DAA6417D1540E00E15B2B /* Supporting Files */,
			);
			path = test;
			sourceTree = "<group>";
		};
		709DAA6417D1540E00E15B2B /* Supporting Files */ = {
			isa = PBXGroup;
			children = (
				709DAA6517D1540E00E15B2B /* test-Info.plist */,
				709DAA6617D1540E00E15B2B /* InfoPlist.strings */,
				709DAA6917D1540E00E15B2B /* main.m */,
				709DAA6B17D1540E00E15B2B /* test-Prefix.pch */,
				709DAA6F17D1540E00E15B2B /* Default.png */,
				709DAA7117D1540E00E15B2B /* Default@2x.png */,
				709DAA7317D1540F00E15B2B /* Default-568h@2x.png */,
			);
			name = "Supporting Files";
			sourceTree = "<group>";
		};
		709DAA8A17D1540F00E15B2B /* testTests */ = {
			isa = PBXGroup;
			children = (
				709DAA9017D1540F00E15B2B /* testTests.h */,
				709DAA9117D1540F00E15B2B /* testTests.m */,
				709DAA8B17D1540F00E15B2B /* Supporting Files */,
			);
			path = testTests;
			sourceTree = "<group>";
		};
		709DAA8B17D1540F00E15B2B /* Supporting Files */ = {
			isa = PBXGroup;
			children = (
				709DAA8C17D1540F00E15B2B /* testTests-Info.plist */,
				709DAA8D17D1540F00E15B2B /* InfoPlist.strings */,
			);
			name = "Supporting Files";
			sourceTree = "<group>";
		};
/* End PBXGroup section */

/* Begin PBXNativeTarget section */
		709DAA5917D1540E00E15B2B /* test */ = {
			isa = PBXNativeTarget;
			buildConfigurationList = 709DAA9517D1540F00E15B2B /* Build configuration list for PBXNativeTarget "test" */;
			buildPhases = (
				709DAA5617D1540E00E15B2B /* Sources */,
				709DAA5717D1540E00E15B2B /* Frameworks */,
				709DAA5817D1540E00E15B2B /* Resources */,
			);
			buildRules = (
			);
			dependencies = (
			);
			name = test;
			productName = test;
			productReference = 709DAA5A17D1540E00E15B2B /* test.app */;
			productType = "com.apple.product-type.application";
		};
		709DAA8217D1540F00E15B2B /* testTests */ = {
			isa = PBXNativeTarget;
			buildConfigurationList = 709DAA9817D1540F00E15B2B /* Build configuration list for PBXNativeTarget "testTests" */;
			buildPhases = (
				709DAA7E17D1540F00E15B2B /* Sources */,
				709DAA7F17D1540F00E15B2B /* Frameworks */,
				709DAA8017D1540F00E15B2B /* Resources */,
				709DAA8117D1540F00E15B2B /* ShellScript */,
			);
			buildRules = (
			);
			dependencies = (
				709DAA8917D1540F00E15B2B /* PBXTargetDependency */,
			);
			name = testTests;
			productName = testTests;
			productReference = 709DAA8317D1540F00E15B2B /* testTests.octest */;
			productType = "com.apple.product-type.bundle";
		};
/* End PBXNativeTarget section */

/* Begin PBXProject section */
		709DAA5217D1540E00E15B2B /* Project object */ = {
			isa = PBXProject;
			attributes = {
				LastUpgradeCheck = 0460;
				ORGANIZATIONNAME = HardinDD;
			};
			buildConfigurationList = 709DAA5517D1540E00E15B2B /* Build configuration list for PBXProject "test" */;
			compatibilityVersion = "Xcode 3.2";
			developmentRegion = English;
			hasScannedForEncodings = 0;
			knownRegions = (
				en,
			);
			mainGroup = 709DAA5117D1540E00E15B2B;
			productRefGroup = 709DAA5B17D1540E00E15B2B /* Products */;
			projectDirPath = "";
			projectRoot = "";
			targets = (
				709DAA5917D1540E00E15B2B /* test */,
				709DAA8217D1540F00E15B2B /* testTests */,
			);
		};
/* End PBXProject section */

/* Begin PBXResourcesBuildPhase section */
		709DAA5817D1540E00E15B2B /* Resources */ = {
			isa = PBXResourcesBuildPhase;
			buildActionMask = 2147483647;
			files = (
				709DAA6817D1540E00E15B2B /* InfoPlist.strings in Resources */,
				709DAA7017D1540E00E15B2B /* Default.png in Resources */,
				709DAA7217D1540F00E15B2B /* Default@2x.png in Resources */,
				709DAA7417D1540F00E15B2B /* Default-568h@2x.png in Resources */,
				709DAA7717D1540F00E15B2B /* MainStoryboard.storyboard in Resources */,
				705CF97817DD5AF600661C9D /* data.plist in Resources */,
			);
			runOnlyForDeploymentPostprocessing = 0;
		};
		709DAA8017D1540F00E15B2B /* Resources */ = {
			isa = PBXResourcesBuildPhase;
			buildActionMask = 2147483647;
			files = (
				709DAA8F17D1540F00E15B2B /* InfoPlist.strings in Resources */,
			);
			runOnlyForDeploymentPostprocessing = 0;
		};
/* End PBXResourcesBuildPhase section */

/* Begin PBXShellScriptBuildPhase section */
		709DAA8117D1540F00E15B2B /* ShellScript */ = {
			isa = PBXShellScriptBuildPhase;
			buildActionMask = 2147483647;
			files = (
			);
			inputPaths = (
			);
			outputPaths = (
			);
			runOnlyForDeploymentPostprocessing = 0;
			shellPath = /bin/sh;
			shellScript = "# Run the unit tests in this test bundle.\n\"${SYSTEM_DEVELOPER_DIR}/Tools/RunUnitTests\"\n";
		};
/* End PBXShellScriptBuildPhase section */

/* Begin PBXSourcesBuildPhase section */
		709DAA5617D1540E00E15B2B /* Sources */ = {
			isa = PBXSourcesBuildPhase;
			buildActionMask = 2147483647;
			files = (
				709DAA6A17D1540E00E15B2B /* main.m in Sources */,
				709DAA6E17D1540E00E15B2B /* AppDelegate.m in Sources */,
				709DAAB317D1640E00E15B2B /* TestingRootViewController.m in Sources */,
				708791B017DA62A300A10A8A /* LocationViewController.m in Sources */,
				705CF97117DD53C200661C9D /* PListTest.m in Sources */,
				705CF97417DD541D00661C9D /* SampleObject.m in Sources */,
			);
			runOnlyForDeploymentPostprocessing = 0;
		};
		709DAA7E17D1540F00E15B2B /* Sources */ = {
			isa = PBXSourcesBuildPhase;
			buildActionMask = 2147483647;
			files = (
				709DAA9217D1540F00E15B2B /* testTests.m in Sources */,
			);
			runOnlyForDeploymentPostprocessing = 0;
		};
/* End PBXSourcesBuildPhase section */

/* Begin PBXTargetDependency section */
		709DAA8917D1540F00E15B2B /* PBXTargetDependency */ = {
			isa = PBXTargetDependency;
			target = 709DAA5917D1540E00E15B2B /* test */;
			targetProxy = 709DAA8817D1540F00E15B2B /* PBXContainerItemProxy */;
		};
/* End PBXTargetDependency section */

/* Begin PBXVariantGroup section */
		709DAA6617D1540E00E15B2B /* InfoPlist.strings */ = {
			isa = PBXVariantGroup;
			children = (
				709DAA6717D1540E00E15B2B /* en */,
			);
			name = InfoPlist.strings;
			sourceTree = "<group>";
		};
		709DAA7517D1540F00E15B2B /* MainStoryboard.storyboard */ = {
			isa = PBXVariantGroup;
			children = (
				709DAA7617D1540F00E15B2B /* en */,
			);
			name = MainStoryboard.storyboard;
			sourceTree = "<group>";
		};
		709DAA8D17D1540F00E15B2B /* InfoPlist.strings */ = {
			isa = PBXVariantGroup;
			children = (
				709DAA8E17D1540F00E15B2B /* en */,
			);
			name = InfoPlist.strings;
			sourceTree = "<group>";
		};
/* End PBXVariantGroup section */

/* Begin XCBuildConfiguration section */
		709DAA9317D1540F00E15B2B /* Debug */ = {
			isa = XCBuildConfiguration;
			buildSettings = {
				ALWAYS_SEARCH_USER_PATHS = NO;
				CLANG_CXX_LANGUAGE_STANDARD = "gnu++0x";
				CLANG_CXX_LIBRARY = "libc++";
				CLANG_ENABLE_OBJC_ARC = YES;
				CLANG_WARN_CONSTANT_CONVERSION = YES;
				CLANG_WARN_EMPTY_BODY = YES;
				CLANG_WARN_ENUM_CONVERSION = YES;
				CLANG_WARN_INT_CONVERSION = YES;
				CLANG_WARN__DUPLICATE_METHOD_MATCH = YES;
				"CODE_SIGN_IDENTITY[sdk=iphoneos*]" = "iPhone Developer";
				COPY_PHASE_STRIP = NO;
				GCC_C_LANGUAGE_STANDARD = gnu99;
				GCC_DYNAMIC_NO_PIC = NO;
				GCC_OPTIMIZATION_LEVEL = 0;
				GCC_PREPROCESSOR_DEFINITIONS = (
					"DEBUG=1",
					"$(inherited)",
				);
				GCC_SYMBOLS_PRIVATE_EXTERN = NO;
				GCC_WARN_ABOUT_RETURN_TYPE = YES;
				GCC_WARN_UNINITIALIZED_AUTOS = YES;
				GCC_WARN_UNUSED_VARIABLE = YES;
				IPHONEOS_DEPLOYMENT_TARGET = 6.1;
				ONLY_ACTIVE_ARCH = YES;
				SDKROOT = iphoneos;
				TARGETED_DEVICE_FAMILY = "1,2";
			};
			name = Debug;
		};
		709DAA9417D1540F00E15B2B /* Release */ = {
			isa = XCBuildConfiguration;
			buildSettings = {
				ALWAYS_SEARCH_USER_PATHS = NO;
				CLANG_CXX_LANGUAGE_STANDARD = "gnu++0x";
				CLANG_CXX_LIBRARY = "libc++";
				CLANG_ENABLE_OBJC_ARC = YES;
				CLANG_WARN_CONSTANT_CONVERSION = YES;
				CLANG_WARN_EMPTY_BODY = YES;
				CLANG_WARN_ENUM_CONVERSION = YES;
				CLANG_WARN_INT_CONVERSION = YES;
				CLANG_WARN__DUPLICATE_METHOD_MATCH = YES;
				"CODE_SIGN_IDENTITY[sdk=iphoneos*]" = "iPhone Developer";
				COPY_PHASE_STRIP = YES;
				GCC_C_LANGUAGE_STANDARD = gnu99;
				GCC_WARN_ABOUT_RETURN_TYPE = YES;
				GCC_WARN_UNINITIALIZED_AUTOS = YES;
				GCC_WARN_UNUSED_VARIABLE = YES;
				IPHONEOS_DEPLOYMENT_TARGET = 6.1;
				OTHER_CFLAGS = "-DNS_BLOCK_ASSERTIONS=1";
				SDKROOT = iphoneos;
				TARGETED_DEVICE_FAMILY = "1,2";
				VALIDATE_PRODUCT = YES;
			};
			name = Release;
		};
		709DAA9617D1540F00E15B2B /* Debug */ = {
			isa = XCBuildConfiguration;
			buildSettings = {
				GCC_PRECOMPILE_PREFIX_HEADER = YES;
				GCC_PREFIX_HEADER = "test/test-Prefix.pch";
				INFOPLIST_FILE = "test/test-Info.plist";
				PRODUCT_NAME = "$(TARGET_NAME)";
				WRAPPER_EXTENSION = app;
			};
			name = Debug;
		};
		709DAA9717D1540F00E15B2B /* Release */ = {
			isa = XCBuildConfiguration;
			buildSettings = {
				GCC_PRECOMPILE_PREFIX_HEADER = YES;
				GCC_PREFIX_HEADER = "test/test-Prefix.pch";
				INFOPLIST_FILE = "test/test-Info.plist";
				PRODUCT_NAME = "$(TARGET_NAME)";
				WRAPPER_EXTENSION = app;
			};
			name = Release;
		};
		709DAA9917D1540F00E15B2B /* Debug */ = {
			isa = XCBuildConfiguration;
			buildSettings = {
				BUNDLE_LOADER = "$(BUILT_PRODUCTS_DIR)/test.app/test";
				FRAMEWORK_SEARCH_PATHS = (
					"\"$(SDKROOT)/Developer/Library/Frameworks\"",
					"\"$(DEVELOPER_LIBRARY_DIR)/Frameworks\"",
				);
				GCC_PRECOMPILE_PREFIX_HEADER = YES;
				GCC_PREFIX_HEADER = "test/test-Prefix.pch";
				INFOPLIST_FILE = "testTests/testTests-Info.plist";
				PRODUCT_NAME = "$(TARGET_NAME)";
				TEST_HOST = "$(BUNDLE_LOADER)";
				WRAPPER_EXTENSION = octest;
			};
			name = Debug;
		};
		709DAA9A17D1540F00E15B2B /* Release */ = {
			isa = XCBuildConfiguration;
			buildSettings = {
				BUNDLE_LOADER = "$(BUILT_PRODUCTS_DIR)/test.app/test";
				FRAMEWORK_SEARCH_PATHS = (
					"\"$(SDKROOT)/Developer/Library/Frameworks\"",
					"\"$(DEVELOPER_LIBRARY_DIR)/Frameworks\"",
				);
				GCC_PRECOMPILE_PREFIX_HEADER = YES;
				GCC_PREFIX_HEADER = "test/test-Prefix.pch";
				INFOPLIST_FILE = "testTests/testTests-Info.plist";
				PRODUCT_NAME = "$(TARGET_NAME)";
				TEST_HOST = "$(BUNDLE_LOADER)";
				WRAPPER_EXTENSION = octest;
			};
			name = Release;
		};
/* End XCBuildConfiguration section */

/* Begin XCConfigurationList section */
		709DAA5517D1540E00E15B2B /* Build configuration list for PBXProject "test" */ = {
			isa = XCConfigurationList;
			buildConfigurations = (
				709DAA9317D1540F00E15B2B /* Debug */,
				709DAA9417D1540F00E15B2B /* Release */,
			);
			defaultConfigurationIsVisible = 0;
			defaultConfigurationName = Release;
		};
		709DAA9517D1540F00E15B2B /* Build configuration list for PBXNativeTarget "test" */ = {
			isa = XCConfigurationList;
			buildConfigurations = (
				709DAA9617D1540F00E15B2B /* Debug */,
				709DAA9717D1540F00E15B2B /* Release */,
			);
			defaultConfigurationIsVisible = 0;
			defaultConfigurationName = Release;
		};
		709DAA9817D1540F00E15B2B /* Build configuration list for PBXNativeTarget "testTests" */ = {
			isa = XCConfigurationList;
			buildConfigurations = (
				709DAA9917D1540F00E15B2B /* Debug */,
				709DAA9A17D1540F00E15B2B /* Release */,
			);
			defaultConfigurationIsVisible = 0;
			defaultConfigurationName = Release;
		};
/* End XCConfigurationList section */
	};
	rootObject = 709DAA5217D1540E00E15B2B /* Project object */;
}
